
Microsoft Visual Studio Solution File, Format Version 12.00
# Visual Studio Version 17
VisualStudioVersion = 17.3.32922.545
MinimumVisualStudioVersion = 10.0.40219.1
Project("{FAE04EC0-301F-11D3-BF4B-00C04F79EFBC}") = "Proje13_Diziler", "Proje13_Diziler.csproj", "{9C2E4E50-CB05-4FCD-B5A0-02DA9009B074}"
EndProject
Global
	GlobalSection(SolutionConfigurationPlatforms) = preSolution
		Debug|Any CPU = Debug|Any CPU
		Release|Any CPU = Release|Any CPU
	EndGlobalSection
	GlobalSection(ProjectConfigurationPlatforms) = postSolution
		{9C2E4E50-CB05-4FCD-B5A0-02DA9009B074}.Debug|Any CPU.ActiveCfg = Debug|Any CPU
		{9C2E4E50-CB05-4FCD-B5A0-02DA9009B074}.Debug|Any CPU.Build.0 = Debug|Any CPU
		{9C2E4E50-CB05-4FCD-B5A0-02DA9009B074}.Release|Any CPU.ActiveCfg = Release|Any CPU
		{9C2E4E50-CB05-4FCD-B5A0-02DA9009B074}.Release|Any CPU.Build.0 = Release|Any CPU
	EndGlobalSection
	GlobalSection(SolutionProperties) = preSolution
		HideSolutionNode = FALSE
	EndGlobalSection
	GlobalSection(ExtensibilityGlobals) = postSolution
		SolutionGuid = {56F2F473-4537-4F83-8895-1E319095ACB6}
	EndGlobalSection
EndGlobal
