
Microsoft Visual Studio Solution File, Format Version 12.00
# Visual Studio Version 17
VisualStudioVersion = 17.3.32922.545
MinimumVisualStudioVersion = 10.0.40219.1
Project("{FAE04EC0-301F-11D3-BF4B-00C04F79EFBC}") = "Proje08_HataKontrolu", "Proje08_HataKontrolu.csproj", "{A87CF9B8-856D-4541-8458-7BA7D393852C}"
EndProject
Global
	GlobalSection(SolutionConfigurationPlatforms) = preSolution
		Debug|Any CPU = Debug|Any CPU
		Release|Any CPU = Release|Any CPU
	EndGlobalSection
	GlobalSection(ProjectConfigurationPlatforms) = postSolution
		{A87CF9B8-856D-4541-8458-7BA7D393852C}.Debug|Any CPU.ActiveCfg = Debug|Any CPU
		{A87CF9B8-856D-4541-8458-7BA7D393852C}.Debug|Any CPU.Build.0 = Debug|Any CPU
		{A87CF9B8-856D-4541-8458-7BA7D393852C}.Release|Any CPU.ActiveCfg = Release|Any CPU
		{A87CF9B8-856D-4541-8458-7BA7D393852C}.Release|Any CPU.Build.0 = Release|Any CPU
	EndGlobalSection
	GlobalSection(SolutionProperties) = preSolution
		HideSolutionNode = FALSE
	EndGlobalSection
	GlobalSection(ExtensibilityGlobals) = postSolution
		SolutionGuid = {F9AE0E6D-12D3-4F5F-A3F8-D7F12DCF34A1}
	EndGlobalSection
EndGlobal
