
Microsoft Visual Studio Solution File, Format Version 12.00
# Visual Studio Version 17
VisualStudioVersion = 17.4.33110.190
MinimumVisualStudioVersion = 10.0.40219.1
Project("{FAE04EC0-301F-11D3-BF4B-00C04F79EFBC}") = "Solid03_OpenClosed", "Solid03_OpenClosed.csproj", "{BECEB76C-3234-4CF4-AFFF-3A797D87C2CC}"
EndProject
Global
	GlobalSection(SolutionConfigurationPlatforms) = preSolution
		Debug|Any CPU = Debug|Any CPU
		Release|Any CPU = Release|Any CPU
	EndGlobalSection
	GlobalSection(ProjectConfigurationPlatforms) = postSolution
		{BECEB76C-3234-4CF4-AFFF-3A797D87C2CC}.Debug|Any CPU.ActiveCfg = Debug|Any CPU
		{BECEB76C-3234-4CF4-AFFF-3A797D87C2CC}.Debug|Any CPU.Build.0 = Debug|Any CPU
		{BECEB76C-3234-4CF4-AFFF-3A797D87C2CC}.Release|Any CPU.ActiveCfg = Release|Any CPU
		{BECEB76C-3234-4CF4-AFFF-3A797D87C2CC}.Release|Any CPU.Build.0 = Release|Any CPU
	EndGlobalSection
	GlobalSection(SolutionProperties) = preSolution
		HideSolutionNode = FALSE
	EndGlobalSection
	GlobalSection(ExtensibilityGlobals) = postSolution
		SolutionGuid = {3BB963C4-BEC3-4295-B20F-C500EE19526E}
	EndGlobalSection
EndGlobal
