
Microsoft Visual Studio Solution File, Format Version 12.00
# Visual Studio Version 17
VisualStudioVersion = 17.3.32922.545
MinimumVisualStudioVersion = 10.0.40219.1
Project("{FAE04EC0-301F-11D3-BF4B-00C04F79EFBC}") = "Proje04_Sayisal_Loto_Oyunu", "Proje04_Sayisal_Loto_Oyunu.csproj", "{A93B01EE-EEFD-4A0F-8C63-8F0BC8E6B54F}"
EndProject
Global
	GlobalSection(SolutionConfigurationPlatforms) = preSolution
		Debug|Any CPU = Debug|Any CPU
		Release|Any CPU = Release|Any CPU
	EndGlobalSection
	GlobalSection(ProjectConfigurationPlatforms) = postSolution
		{A93B01EE-EEFD-4A0F-8C63-8F0BC8E6B54F}.Debug|Any CPU.ActiveCfg = Debug|Any CPU
		{A93B01EE-EEFD-4A0F-8C63-8F0BC8E6B54F}.Debug|Any CPU.Build.0 = Debug|Any CPU
		{A93B01EE-EEFD-4A0F-8C63-8F0BC8E6B54F}.Release|Any CPU.ActiveCfg = Release|Any CPU
		{A93B01EE-EEFD-4A0F-8C63-8F0BC8E6B54F}.Release|Any CPU.Build.0 = Release|Any CPU
	EndGlobalSection
	GlobalSection(SolutionProperties) = preSolution
		HideSolutionNode = FALSE
	EndGlobalSection
	GlobalSection(ExtensibilityGlobals) = postSolution
		SolutionGuid = {8BAC4418-DF99-4055-9F1B-63432E11408A}
	EndGlobalSection
EndGlobal
