
Microsoft Visual Studio Solution File, Format Version 12.00
# Visual Studio Version 17
VisualStudioVersion = 17.3.32922.545
MinimumVisualStudioVersion = 10.0.40219.1
Project("{FAE04EC0-301F-11D3-BF4B-00C04F79EFBC}") = "Proje02_degiskenler", "Proje02_degiskenler.csproj", "{7E517E74-D01B-49D8-9D0A-676C8C68804F}"
EndProject
Global
	GlobalSection(SolutionConfigurationPlatforms) = preSolution
		Debug|Any CPU = Debug|Any CPU
		Release|Any CPU = Release|Any CPU
	EndGlobalSection
	GlobalSection(ProjectConfigurationPlatforms) = postSolution
		{7E517E74-D01B-49D8-9D0A-676C8C68804F}.Debug|Any CPU.ActiveCfg = Debug|Any CPU
		{7E517E74-D01B-49D8-9D0A-676C8C68804F}.Debug|Any CPU.Build.0 = Debug|Any CPU
		{7E517E74-D01B-49D8-9D0A-676C8C68804F}.Release|Any CPU.ActiveCfg = Release|Any CPU
		{7E517E74-D01B-49D8-9D0A-676C8C68804F}.Release|Any CPU.Build.0 = Release|Any CPU
	EndGlobalSection
	GlobalSection(SolutionProperties) = preSolution
		HideSolutionNode = FALSE
	EndGlobalSection
	GlobalSection(ExtensibilityGlobals) = postSolution
		SolutionGuid = {4C16621F-740F-4CEF-AB9F-DC65205D037D}
	EndGlobalSection
EndGlobal
