
Microsoft Visual Studio Solution File, Format Version 12.00
# Visual Studio Version 17
VisualStudioVersion = 17.3.32922.545
MinimumVisualStudioVersion = 10.0.40219.1
Project("{FAE04EC0-301F-11D3-BF4B-00C04F79EFBC}") = "Proje11_Collections_GenericList", "Proje11_Collections_GenericList.csproj", "{5FFC4614-2A38-4C65-90E5-4CC6B2D914B4}"
EndProject
Global
	GlobalSection(SolutionConfigurationPlatforms) = preSolution
		Debug|Any CPU = Debug|Any CPU
		Release|Any CPU = Release|Any CPU
	EndGlobalSection
	GlobalSection(ProjectConfigurationPlatforms) = postSolution
		{5FFC4614-2A38-4C65-90E5-4CC6B2D914B4}.Debug|Any CPU.ActiveCfg = Debug|Any CPU
		{5FFC4614-2A38-4C65-90E5-4CC6B2D914B4}.Debug|Any CPU.Build.0 = Debug|Any CPU
		{5FFC4614-2A38-4C65-90E5-4CC6B2D914B4}.Release|Any CPU.ActiveCfg = Release|Any CPU
		{5FFC4614-2A38-4C65-90E5-4CC6B2D914B4}.Release|Any CPU.Build.0 = Release|Any CPU
	EndGlobalSection
	GlobalSection(SolutionProperties) = preSolution
		HideSolutionNode = FALSE
	EndGlobalSection
	GlobalSection(ExtensibilityGlobals) = postSolution
		SolutionGuid = {ED273D81-8A71-4E2F-8315-7E8998681D69}
	EndGlobalSection
EndGlobal
