
Microsoft Visual Studio Solution File, Format Version 12.00
# Visual Studio Version 17
VisualStudioVersion = 17.3.32901.215
MinimumVisualStudioVersion = 10.0.40219.1
Project("{FAE04EC0-301F-11D3-BF4B-00C04F79EFBC}") = "mertOdev", "mertOdev\mertOdev.csproj", "{01FFCFB2-312A-4840-8879-1129E9E2307F}"
EndProject
Global
	GlobalSection(SolutionConfigurationPlatforms) = preSolution
		Debug|Any CPU = Debug|Any CPU
		Release|Any CPU = Release|Any CPU
	EndGlobalSection
	GlobalSection(ProjectConfigurationPlatforms) = postSolution
		{01FFCFB2-312A-4840-8879-1129E9E2307F}.Debug|Any CPU.ActiveCfg = Debug|Any CPU
		{01FFCFB2-312A-4840-8879-1129E9E2307F}.Debug|Any CPU.Build.0 = Debug|Any CPU
		{01FFCFB2-312A-4840-8879-1129E9E2307F}.Release|Any CPU.ActiveCfg = Release|Any CPU
		{01FFCFB2-312A-4840-8879-1129E9E2307F}.Release|Any CPU.Build.0 = Release|Any CPU
	EndGlobalSection
	GlobalSection(SolutionProperties) = preSolution
		HideSolutionNode = FALSE
	EndGlobalSection
	GlobalSection(ExtensibilityGlobals) = postSolution
		SolutionGuid = {04669BB3-E90A-46F1-9744-8F188C84E4FC}
	EndGlobalSection
EndGlobal
