
Microsoft Visual Studio Solution File, Format Version 12.00
# Visual Studio Version 17
VisualStudioVersion = 17.3.32922.545
MinimumVisualStudioVersion = 10.0.40219.1
Project("{FAE04EC0-301F-11D3-BF4B-00C04F79EFBC}") = "Proje09_Interface", "Proje09_Interface.csproj", "{8F63B2B7-C4D1-43C3-AF09-F287F8718DED}"
EndProject
Global
	GlobalSection(SolutionConfigurationPlatforms) = preSolution
		Debug|Any CPU = Debug|Any CPU
		Release|Any CPU = Release|Any CPU
	EndGlobalSection
	GlobalSection(ProjectConfigurationPlatforms) = postSolution
		{8F63B2B7-C4D1-43C3-AF09-F287F8718DED}.Debug|Any CPU.ActiveCfg = Debug|Any CPU
		{8F63B2B7-C4D1-43C3-AF09-F287F8718DED}.Debug|Any CPU.Build.0 = Debug|Any CPU
		{8F63B2B7-C4D1-43C3-AF09-F287F8718DED}.Release|Any CPU.ActiveCfg = Release|Any CPU
		{8F63B2B7-C4D1-43C3-AF09-F287F8718DED}.Release|Any CPU.Build.0 = Release|Any CPU
	EndGlobalSection
	GlobalSection(SolutionProperties) = preSolution
		HideSolutionNode = FALSE
	EndGlobalSection
	GlobalSection(ExtensibilityGlobals) = postSolution
		SolutionGuid = {2D445412-EE99-4762-85DD-D9D93AF3A864}
	EndGlobalSection
EndGlobal
