
Microsoft Visual Studio Solution File, Format Version 12.00
# Visual Studio Version 17
VisualStudioVersion = 17.3.32922.545
MinimumVisualStudioVersion = 10.0.40219.1
Project("{FAE04EC0-301F-11D3-BF4B-00C04F79EFBC}") = "Proje12_OOP_WORK_HOCA", "Proje12_OOP_WORK_HOCA.csproj", "{6A37988A-FF4B-44AE-A138-CB0433850B65}"
EndProject
Global
	GlobalSection(SolutionConfigurationPlatforms) = preSolution
		Debug|Any CPU = Debug|Any CPU
		Release|Any CPU = Release|Any CPU
	EndGlobalSection
	GlobalSection(ProjectConfigurationPlatforms) = postSolution
		{6A37988A-FF4B-44AE-A138-CB0433850B65}.Debug|Any CPU.ActiveCfg = Debug|Any CPU
		{6A37988A-FF4B-44AE-A138-CB0433850B65}.Debug|Any CPU.Build.0 = Debug|Any CPU
		{6A37988A-FF4B-44AE-A138-CB0433850B65}.Release|Any CPU.ActiveCfg = Release|Any CPU
		{6A37988A-FF4B-44AE-A138-CB0433850B65}.Release|Any CPU.Build.0 = Release|Any CPU
	EndGlobalSection
	GlobalSection(SolutionProperties) = preSolution
		HideSolutionNode = FALSE
	EndGlobalSection
	GlobalSection(ExtensibilityGlobals) = postSolution
		SolutionGuid = {3C9C55C8-F7EB-409A-89CC-A0EC54B61D8E}
	EndGlobalSection
EndGlobal
