
Microsoft Visual Studio Solution File, Format Version 12.00
# Visual Studio Version 17
VisualStudioVersion = 17.3.32922.545
MinimumVisualStudioVersion = 10.0.40219.1
Project("{FAE04EC0-301F-11D3-BF4B-00C04F79EFBC}") = "Proje01_Class_field_Property_uygulama", "Proje01_Class_field_Property_uygulama.csproj", "{405A8374-E5B4-4318-ABA9-1694DF8CF27D}"
EndProject
Global
	GlobalSection(SolutionConfigurationPlatforms) = preSolution
		Debug|Any CPU = Debug|Any CPU
		Release|Any CPU = Release|Any CPU
	EndGlobalSection
	GlobalSection(ProjectConfigurationPlatforms) = postSolution
		{405A8374-E5B4-4318-ABA9-1694DF8CF27D}.Debug|Any CPU.ActiveCfg = Debug|Any CPU
		{405A8374-E5B4-4318-ABA9-1694DF8CF27D}.Debug|Any CPU.Build.0 = Debug|Any CPU
		{405A8374-E5B4-4318-ABA9-1694DF8CF27D}.Release|Any CPU.ActiveCfg = Release|Any CPU
		{405A8374-E5B4-4318-ABA9-1694DF8CF27D}.Release|Any CPU.Build.0 = Release|Any CPU
	EndGlobalSection
	GlobalSection(SolutionProperties) = preSolution
		HideSolutionNode = FALSE
	EndGlobalSection
	GlobalSection(ExtensibilityGlobals) = postSolution
		SolutionGuid = {30DA80C9-5B89-498A-AD45-7367F6AA58BB}
	EndGlobalSection
EndGlobal
